// !$*UTF8*$!
{
	archiveVersion = 1;
	classes = {
	};
	objectVersion = 50;
	objects = {

/* Begin PBXBuildFile section */
		C76B17DC22C3E9CF00D8D2CD /* AppDelegate.swift in Sources */ = {isa = PBXBuildFile; fileRef = C76B17DB22C3E9CF00D8D2CD /* AppDelegate.swift */; };
		C76B17DE22C3E9CF00D8D2CD /* FirstViewController.swift in Sources */ = {isa = PBXBuildFile; fileRef = C76B17DD22C3E9CF00D8D2CD /* FirstViewController.swift */; };
		C76B17E022C3E9CF00D8D2CD /* SecondViewController.swift in Sources */ = {isa = PBXBuildFile; fileRef = C76B17DF22C3E9CF00D8D2CD /* SecondViewController.swift */; };
		C76B17E322C3E9CF00D8D2CD /* Main.storyboard in Resources */ = {isa = PBXBuildFile; fileRef = C76B17E122C3E9CF00D8D2CD /* Main.storyboard */; };
		C76B17E522C3E9CF00D8D2CD /* Assets.xcassets in Resources */ = {isa = PBXBuildFile; fileRef = C76B17E422C3E9CF00D8D2CD /* Assets.xcassets */; };
		C76B17E822C3E9CF00D8D2CD /* LaunchScreen.storyboard in Resources */ = {isa = PBXBuildFile; fileRef = C76B17E622C3E9CF00D8D2CD /* LaunchScreen.storyboard */; };
/* End PBXBuildFile section */

/* Begin PBXFileReference section */
		C76B17D822C3E9CF00D8D2CD /* CV_Miguel_Delgado.app */ = {isa = PBXFileReference; explicitFileType = wrapper.application; includeInIndex = 0; path = CV_Miguel_Delgado.app; sourceTree = BUILT_PRODUCTS_DIR; };
		C76B17DB22C3E9CF00D8D2CD /* AppDelegate.swift */ = {isa = PBXFileReference; lastKnownFileType = sourcecode.swift; path = AppDelegate.swift; sourceTree = "<group>"; };
		C76B17DD22C3E9CF00D8D2CD /* FirstViewController.swift */ = {isa = PBXFileReference; lastKnownFileType = sourcecode.swift; path = FirstViewController.swift; sourceTree = "<group>"; };
		C76B17DF22C3E9CF00D8D2CD /* SecondViewController.swift */ = {isa = PBXFileReference; lastKnownFileType = sourcecode.swift; path = SecondViewController.swift; sourceTree = "<group>"; };
		C76B17E222C3E9CF00D8D2CD /* Base */ = {isa = PBXFileReference; lastKnownFileType = file.storyboard; name = Base; path = Base.lproj/Main.storyboard; sourceTree = "<group>"; };
		C76B17E422C3E9CF00D8D2CD /* Assets.xcassets */ = {isa = PBXFileReference; lastKnownFileType = folder.assetcatalog; path = Assets.xcassets; sourceTree = "<group>"; };
		C76B17E722C3E9CF00D8D2CD /* Base */ = {isa = PBXFileReference; lastKnownFileType = file.storyboard; name = Base; path = Base.lproj/LaunchScreen.storyboard; sourceTree = "<group>"; };
		C76B17E922C3E9CF00D8D2CD /* Info.plist */ = {isa = PBXFileReference; lastKnownFileType = text.plist.xml; path = Info.plist; sourceTree = "<group>"; };
/* End PBXFileReference section */

/* Begin PBXFrameworksBuildPhase section */
		C76B17D522C3E9CF00D8D2CD /* Frameworks */ = {
			isa = PBXFrameworksBuildPhase;
			buildActionMask = 2147483647;
			files = (
			);
			runOnlyForDeploymentPostprocessing = 0;
		};
/* End PBXFrameworksBuildPhase section */

/* Begin PBXGroup section */
		C76B17CF22C3E9CF00D8D2CD = {
			isa = PBXGroup;
			children = (
				C76B17DA22C3E9CF00D8D2CD /* CV_Miguel_Delgado */,
				C76B17D922C3E9CF00D8D2CD /* Products */,
			);
			sourceTree = "<group>";
		};
		C76B17D922C3E9CF00D8D2CD /* Products */ = {
			isa = PBXGroup;
			children = (
				C76B17D822C3E9CF00D8D2CD /* CV_Miguel_Delgado.app */,
			);
			name = Products;
			sourceTree = "<group>";
		};
		C76B17DA22C3E9CF00D8D2CD /* CV_Miguel_Delgado */ = {
			isa = PBXGroup;
			children = (
				C76B17DB22C3E9CF00D8D2CD /* AppDelegate.swift */,
				C76B17DD22C3E9CF00D8D2CD /* FirstViewController.swift */,
				C76B17DF22C3E9CF00D8D2CD /* SecondViewController.swift */,
				C76B17E122C3E9CF00D8D2CD /* Main.storyboard */,
				C76B17E422C3E9CF00D8D2CD /* Assets.xcassets */,
				C76B17E622C3E9CF00D8D2CD /* LaunchScreen.storyboard */,
				C76B17E922C3E9CF00D8D2CD /* Info.plist */,
			);
			path = CV_Miguel_Delgado;
			sourceTree = "<group>";
		};
/* End PBXGroup section */

/* Begin PBXNativeTarget section */
		C76B17D722C3E9CF00D8D2CD /* CV_Miguel_Delgado */ = {
			isa = PBXNativeTarget;
			buildConfigurationList = C76B17EC22C3E9CF00D8D2CD /* Build configuration list for PBXNativeTarget "CV_Miguel_Delgado" */;
			buildPhases = (
				C76B17D422C3E9CF00D8D2CD /* Sources */,
				C76B17D522C3E9CF00D8D2CD /* Frameworks */,
				C76B17D622C3E9CF00D8D2CD /* Resources */,
			);
			buildRules = (
			);
			dependencies = (
			);
			name = CV_Miguel_Delgado;
			productName = CV_Miguel_Delgado;
			productReference = C76B17D822C3E9CF00D8D2CD /* CV_Miguel_Delgado.app */;
			productType = "com.apple.product-type.application";
		};
/* End PBXNativeTarget section */

/* Begin PBXProject section */
		C76B17D022C3E9CF00D8D2CD /* Project object */ = {
			isa = PBXProject;
			attributes = {
				LastSwiftUpdateCheck = 1010;
				LastUpgradeCheck = 1010;
				ORGANIZATIONNAME = "Miguel Angel Delgado Alcantara";
				TargetAttributes = {
					C76B17D722C3E9CF00D8D2CD = {
						CreatedOnToolsVersion = 10.1;
					};
				};
			};
			buildConfigurationList = C76B17D322C3E9CF00D8D2CD /* Build configuration list for PBXProject "CV_Miguel_Delgado" */;
			compatibilityVersion = "Xcode 9.3";
			developmentRegion = en;
			hasScannedForEncodings = 0;
			knownRegions = (
				en,
				Base,
			);
			mainGroup = C76B17CF22C3E9CF00D8D2CD;
			productRefGroup = C76B17D922C3E9CF00D8D2CD /* Products */;
			projectDirPath = "";
			projectRoot = "";
			targets = (
				C76B17D722C3E9CF00D8D2CD /* CV_Miguel_Delgado */,
			);
		};
/* End PBXProject section */

/* Begin PBXResourcesBuildPhase section */
		C76B17D622C3E9CF00D8D2CD /* Resources */ = {
			isa = PBXResourcesBuildPhase;
			buildActionMask = 2147483647;
			files = (
				C76B17E822C3E9CF00D8D2CD /* LaunchScreen.storyboard in Resources */,
				C76B17E522C3E9CF00D8D2CD /* Assets.xcassets in Resources */,
				C76B17E322C3E9CF00D8D2CD /* Main.storyboard in Resources */,
			);
			runOnlyForDeploymentPostprocessing = 0;
		};
/* End PBXResourcesBuildPhase section */

/* Begin PBXSourcesBuildPhase section */
		C76B17D422C3E9CF00D8D2CD /* Sources */ = {
			isa = PBXSourcesBuildPhase;
			buildActionMask = 2147483647;
			files = (
				C76B17E022C3E9CF00D8D2CD /* SecondViewController.swift in Sources */,
				C76B17DC22C3E9CF00D8D2CD /* AppDelegate.swift in Sources */,
				C76B17DE22C3E9CF00D8D2CD /* FirstViewController.swift in Sources */,
			);
			runOnlyForDeploymentPostprocessing = 0;
		};
/* End PBXSourcesBuildPhase section */

/* Begin PBXVariantGroup section */
		C76B17E122C3E9CF00D8D2CD /* Main.storyboard */ = {
			isa = PBXVariantGroup;
			children = (
				C76B17E222C3E9CF00D8D2CD /* Base */,
			);
			name = Main.storyboard;
			sourceTree = "<group>";
		};
		C76B17E622C3E9CF00D8D2CD /* LaunchScreen.storyboard */ = {
			isa = PBXVariantGroup;
			children = (
				C76B17E722C3E9CF00D8D2CD /* Base */,
			);
			name = LaunchScreen.storyboard;
			sourceTree = "<group>";
		};
/* End PBXVariantGroup section */

/* Begin XCBuildConfiguration section */
		C76B17EA22C3E9CF00D8D2CD /* Debug */ = {
			isa = XCBuildConfiguration;
			buildSettings = {
				ALWAYS_SEARCH_USER_PATHS = NO;
				CLANG_ANALYZER_NONNULL = YES;
				CLANG_ANALYZER_NUMBER_OBJECT_CONVERSION = YES_AGGRESSIVE;
				CLANG_CXX_LANGUAGE_STANDARD = "gnu++14";
				CLANG_CXX_LIBRARY = "libc++";
				CLANG_ENABLE_MODULES = YES;
				CLANG_ENABLE_OBJC_ARC = YES;
				CLANG_ENABLE_OBJC_WEAK = YES;
				CLANG_WARN_BLOCK_CAPTURE_AUTORELEASING = YES;
				CLANG_WARN_BOOL_CONVERSION = YES;
				CLANG_WARN_COMMA = YES;
				CLANG_WARN_CONSTANT_CONVERSION = YES;
				CLANG_WARN_DEPRECATED_OBJC_IMPLEMENTATIONS = YES;
				CLANG_WARN_DIRECT_OBJC_ISA_USAGE = YES_ERROR;
				CLANG_WARN_DOCUMENTATION_COMMENTS = YES;
				CLANG_WARN_EMPTY_BODY = YES;
				CLANG_WARN_ENUM_CONVERSION = YES;
				CLANG_WARN_INFINITE_RECURSION = YES;
				CLANG_WARN_INT_CONVERSION = YES;
				CLANG_WARN_NON_LITERAL_NULL_CONVERSION = YES;
				CLANG_WARN_OBJC_IMPLICIT_RETAIN_SELF = YES;
				CLANG_WARN_OBJC_LITERAL_CONVERSION = YES;
				CLANG_WARN_OBJC_ROOT_CLASS = YES_ERROR;
				CLANG_WARN_RANGE_LOOP_ANALYSIS = YES;
				CLANG_WARN_STRICT_PROTOTYPES = YES;
				CLANG_WARN_SUSPICIOUS_MOVE = YES;
				CLANG_WARN_UNGUARDED_AVAILABILITY = YES_AGGRESSIVE;
				CLANG_WARN_UNREACHABLE_CODE = YES;
				CLANG_WARN__DUPLICATE_METHOD_MATCH = YES;
				CODE_SIGN_IDENTITY = "iPhone Developer";
				COPY_PHASE_STRIP = NO;
				DEBUG_INFORMATION_FORMAT = dwarf;
				ENABLE_STRICT_OBJC_MSGSEND = YES;
				ENABLE_TESTABILITY = YES;
				GCC_C_LANGUAGE_STANDARD = gnu11;
				GCC_DYNAMIC_NO_PIC = NO;
				GCC_NO_COMMON_BLOCKS = YES;
				GCC_OPTIMIZATION_LEVEL = 0;
				GCC_PREPROCESSOR_DEFINITIONS = (
					"DEBUG=1",
					"$(inherited)",
				);
				GCC_WARN_64_TO_32_BIT_CONVERSION = YES;
				GCC_WARN_ABOUT_RETURN_TYPE = YES_ERROR;
				GCC_WARN_UNDECLARED_SELECTOR = YES;
				GCC_WARN_UNINITIALIZED_AUTOS = YES_AGGRESSIVE;
				GCC_WARN_UNUSED_FUNCTION = YES;
				GCC_WARN_UNUSED_VARIABLE = YES;
				IPHONEOS_DEPLOYMENT_TARGET = 12.1;
				MTL_ENABLE_DEBUG_INFO = INCLUDE_SOURCE;
				MTL_FAST_MATH = YES;
				ONLY_ACTIVE_ARCH = YES;
				SDKROOT = iphoneos;
				SWIFT_ACTIVE_COMPILATION_CONDITIONS = DEBUG;
				SWIFT_OPTIMIZATION_LEVEL = "-Onone";
			};
			name = Debug;
		};
		C76B17EB22C3E9CF00D8D2CD /* Release */ = {
			isa = XCBuildConfiguration;
			buildSettings = {
				ALWAYS_SEARCH_USER_PATHS = NO;
				CLANG_ANALYZER_NONNULL = YES;
				CLANG_ANALYZER_NUMBER_OBJECT_CONVERSION = YES_AGGRESSIVE;
				CLANG_CXX_LANGUAGE_STANDARD = "gnu++14";
				CLANG_CXX_LIBRARY = "libc++";
				CLANG_ENABLE_MODULES = YES;
				CLANG_ENABLE_OBJC_ARC = YES;
				CLANG_ENABLE_OBJC_WEAK = YES;
				CLANG_WARN_BLOCK_CAPTURE_AUTORELEASING = YES;
				CLANG_WARN_BOOL_CONVERSION = YES;
				CLANG_WARN_COMMA = YES;
				CLANG_WARN_CONSTANT_CONVERSION = YES;
				CLANG_WARN_DEPRECATED_OBJC_IMPLEMENTATIONS = YES;
				CLANG_WARN_DIRECT_OBJC_ISA_USAGE = YES_ERROR;
				CLANG_WARN_DOCUMENTATION_COMMENTS = YES;
				CLANG_WARN_EMPTY_BODY = YES;
				CLANG_WARN_ENUM_CONVERSION = YES;
				CLANG_WARN_INFINITE_RECURSION = YES;
				CLANG_WARN_INT_CONVERSION = YES;
				CLANG_WARN_NON_LITERAL_NULL_CONVERSION = YES;
				CLANG_WARN_OBJC_IMPLICIT_RETAIN_SELF = YES;
				CLANG_WARN_OBJC_LITERAL_CONVERSION = YES;
				CLANG_WARN_OBJC_ROOT_CLASS = YES_ERROR;
				CLANG_WARN_RANGE_LOOP_ANALYSIS = YES;
				CLANG_WARN_STRICT_PROTOTYPES = YES;
				CLANG_WARN_SUSPICIOUS_MOVE = YES;
				CLANG_WARN_UNGUARDED_AVAILABILITY = YES_AGGRESSIVE;
				CLANG_WARN_UNREACHABLE_CODE = YES;
				CLANG_WARN__DUPLICATE_METHOD_MATCH = YES;
				CODE_SIGN_IDENTITY = "iPhone Developer";
				COPY_PHASE_STRIP = NO;
				DEBUG_INFORMATION_FORMAT = "dwarf-with-dsym";
				ENABLE_NS_ASSERTIONS = NO;
				ENABLE_STRICT_OBJC_MSGSEND = YES;
				GCC_C_LANGUAGE_STANDARD = gnu11;
				GCC_NO_COMMON_BLOCKS = YES;
				GCC_WARN_64_TO_32_BIT_CONVERSION = YES;
				GCC_WARN_ABOUT_RETURN_TYPE = YES_ERROR;
				GCC_WARN_UNDECLARED_SELECTOR = YES;
				GCC_WARN_UNINITIALIZED_AUTOS = YES_AGGRESSIVE;
				GCC_WARN_UNUSED_FUNCTION = YES;
				GCC_WARN_UNUSED_VARIABLE = YES;
				IPHONEOS_DEPLOYMENT_TARGET = 12.1;
				MTL_ENABLE_DEBUG_INFO = NO;
				MTL_FAST_MATH = YES;
				SDKROOT = iphoneos;
				SWIFT_COMPILATION_MODE = wholemodule;
				SWIFT_OPTIMIZATION_LEVEL = "-O";
				VALIDATE_PRODUCT = YES;
			};
			name = Release;
		};
		C76B17ED22C3E9CF00D8D2CD /* Debug */ = {
			isa = XCBuildConfiguration;
			buildSettings = {
				ASSETCATALOG_COMPILER_APPICON_NAME = AppIcon;
				CODE_SIGN_STYLE = Automatic;
				INFOPLIST_FILE = CV_Miguel_Delgado/Info.plist;
				LD_RUNPATH_SEARCH_PATHS = (
					"$(inherited)",
					"@executable_path/Frameworks",
				);
				PRODUCT_BUNDLE_IDENTIFIER = "miguel.CV-Miguel-Delgado";
				PRODUCT_NAME = "$(TARGET_NAME)";
				SWIFT_VERSION = 4.2;
				TARGETED_DEVICE_FAMILY = "1,2";
			};
			name = Debug;
		};
		C76B17EE22C3E9CF00D8D2CD /* Release */ = {
			isa = XCBuildConfiguration;
			buildSettings = {
				ASSETCATALOG_COMPILER_APPICON_NAME = AppIcon;
				CODE_SIGN_STYLE = Automatic;
				INFOPLIST_FILE = CV_Miguel_Delgado/Info.plist;
				LD_RUNPATH_SEARCH_PATHS = (
					"$(inherited)",
					"@executable_path/Frameworks",
				);
				PRODUCT_BUNDLE_IDENTIFIER = "miguel.CV-Miguel-Delgado";
				PRODUCT_NAME = "$(TARGET_NAME)";
				SWIFT_VERSION = 4.2;
				TARGETED_DEVICE_FAMILY = "1,2";
			};
			name = Release;
		};
/* End XCBuildConfiguration section */

/* Begin XCConfigurationList section */
		C76B17D322C3E9CF00D8D2CD /* Build configuration list for PBXProject "CV_Miguel_Delgado" */ = {
			isa = XCConfigurationList;
			buildConfigurations = (
				C76B17EA22C3E9CF00D8D2CD /* Debug */,
				C76B17EB22C3E9CF00D8D2CD /* Release */,
			);
			defaultConfigurationIsVisible = 0;
			defaultConfigurationName = Release;
		};
		C76B17EC22C3E9CF00D8D2CD /* Build configuration list for PBXNativeTarget "CV_Miguel_Delgado" */ = {
			isa = XCConfigurationList;
			buildConfigurations = (
				C76B17ED22C3E9CF00D8D2CD /* Debug */,
				C76B17EE22C3E9CF00D8D2CD /* Release */,
			);
			defaultConfigurationIsVisible = 0;
			defaultConfigurationName = Release;
		};
/* End XCConfigurationList section */
	};
	rootObject = C76B17D022C3E9CF00D8D2CD /* Project object */;
}
